
Microsoft Visual Studio Solution File, Format Version 12.00
# Visual Studio Version 16
VisualStudioVersion = 16.0.32106.194
MinimumVisualStudioVersion = 10.0.40219.1
Project("{FAE04EC0-301F-11D3-BF4B-00C04F79EFBC}") = "Payroll Web App", "Payroll Web App.csproj", "{477E4BDB-5CE6-42BC-BDB6-0BE008CA2CBE}"
EndProject
Global
	GlobalSection(SolutionConfigurationPlatforms) = preSolution
		Debug|Any CPU = Debug|Any CPU
		Release|Any CPU = Release|Any CPU
	EndGlobalSection
	GlobalSection(ProjectConfigurationPlatforms) = postSolution
		{477E4BDB-5CE6-42BC-BDB6-0BE008CA2CBE}.Debug|Any CPU.ActiveCfg = Debug|Any CPU
		{477E4BDB-5CE6-42BC-BDB6-0BE008CA2CBE}.Debug|Any CPU.Build.0 = Debug|Any CPU
		{477E4BDB-5CE6-42BC-BDB6-0BE008CA2CBE}.Release|Any CPU.ActiveCfg = Release|Any CPU
		{477E4BDB-5CE6-42BC-BDB6-0BE008CA2CBE}.Release|Any CPU.Build.0 = Release|Any CPU
	EndGlobalSection
	GlobalSection(SolutionProperties) = preSolution
		HideSolutionNode = FALSE
	EndGlobalSection
	GlobalSection(ExtensibilityGlobals) = postSolution
		SolutionGuid = {4508C371-71A4-4000-B95E-B6D8E99136EF}
	EndGlobalSection
EndGlobal
